
Microsoft Visual Studio Solution File, Format Version 12.00
# Visual Studio Version 17
VisualStudioVersion = 17.14.36221.1 d17.14
MinimumVisualStudioVersion = 10.0.40219.1
Project("{FAE04EC0-301F-11D3-BF4B-00C04F79EFBC}") = "Challenge Labs 3.3", "Challenge Labs 3.3.csproj", "{CEBB65FF-509F-4753-A81E-A41B9993184D}"
EndProject
Global
	GlobalSection(SolutionConfigurationPlatforms) = preSolution
		Debug|Any CPU = Debug|Any CPU
		Release|Any CPU = Release|Any CPU
	EndGlobalSection
	GlobalSection(ProjectConfigurationPlatforms) = postSolution
		{CEBB65FF-509F-4753-A81E-A41B9993184D}.Debug|Any CPU.ActiveCfg = Debug|Any CPU
		{CEBB65FF-509F-4753-A81E-A41B9993184D}.Debug|Any CPU.Build.0 = Debug|Any CPU
		{CEBB65FF-509F-4753-A81E-A41B9993184D}.Release|Any CPU.ActiveCfg = Release|Any CPU
		{CEBB65FF-509F-4753-A81E-A41B9993184D}.Release|Any CPU.Build.0 = Release|Any CPU
	EndGlobalSection
	GlobalSection(SolutionProperties) = preSolution
		HideSolutionNode = FALSE
	EndGlobalSection
	GlobalSection(ExtensibilityGlobals) = postSolution
		SolutionGuid = {C9E798C0-54AF-4AC2-B12E-F956503DCE37}
	EndGlobalSection
EndGlobal
